
Microsoft Visual Studio Solution File, Format Version 12.00
# Visual Studio Version 17
VisualStudioVersion = 17.13.35825.156 d17.13
MinimumVisualStudioVersion = 10.0.40219.1
Project("{FAE04EC0-301F-11D3-BF4B-00C04F79EFBC}") = "lab1-example", "lab1-example.csproj", "{968DDFB5-3A2F-4413-A0FA-1EE680515687}"
EndProject
Global
	GlobalSection(SolutionConfigurationPlatforms) = preSolution
		Debug|Any CPU = Debug|Any CPU
		Release|Any CPU = Release|Any CPU
	EndGlobalSection
	GlobalSection(ProjectConfigurationPlatforms) = postSolution
		{968DDFB5-3A2F-4413-A0FA-1EE680515687}.Debug|Any CPU.ActiveCfg = Debug|Any CPU
		{968DDFB5-3A2F-4413-A0FA-1EE680515687}.Debug|Any CPU.Build.0 = Debug|Any CPU
		{968DDFB5-3A2F-4413-A0FA-1EE680515687}.Release|Any CPU.ActiveCfg = Release|Any CPU
		{968DDFB5-3A2F-4413-A0FA-1EE680515687}.Release|Any CPU.Build.0 = Release|Any CPU
	EndGlobalSection
	GlobalSection(SolutionProperties) = preSolution
		HideSolutionNode = FALSE
	EndGlobalSection
	GlobalSection(ExtensibilityGlobals) = postSolution
		SolutionGuid = {2B164512-E666-4B18-91C0-66358D429664}
	EndGlobalSection
EndGlobal
